// !$*UTF8*$!
{
	archiveVersion = 1;
	classes = {
	};
	objectVersion = 50;
	objects = {

/* Begin PBXBuildFile section */
		2404D44925B9C42C00A01EEC /* NavigationBar.swift in Sources */ = {isa = PBXBuildFile; fileRef = 2404D44825B9C42C00A01EEC /* NavigationBar.swift */; };
		242CB9A025B7207D005EED26 /* AppDelegate.swift in Sources */ = {isa = PBXBuildFile; fileRef = 242CB99F25B7207D005EED26 /* AppDelegate.swift */; };
		242CB9A225B7207D005EED26 /* SceneDelegate.swift in Sources */ = {isa = PBXBuildFile; fileRef = 242CB9A125B7207D005EED26 /* SceneDelegate.swift */; };
		242CB9A725B7207D005EED26 /* Main.storyboard in Resources */ = {isa = PBXBuildFile; fileRef = 242CB9A525B7207D005EED26 /* Main.storyboard */; };
		242CB9A925B7207F005EED26 /* Assets.xcassets in Resources */ = {isa = PBXBuildFile; fileRef = 242CB9A825B7207F005EED26 /* Assets.xcassets */; };
		242CB9AC25B7207F005EED26 /* LaunchScreen.storyboard in Resources */ = {isa = PBXBuildFile; fileRef = 242CB9AA25B7207F005EED26 /* LaunchScreen.storyboard */; };
		243679B225D06BC200CE497C /* ProgressScreen.swift in Sources */ = {isa = PBXBuildFile; fileRef = 243679B125D06BC200CE497C /* ProgressScreen.swift */; };
		243679B525D0B11600CE497C /* ProgressConstraints.swift in Sources */ = {isa = PBXBuildFile; fileRef = 243679B425D0B11600CE497C /* ProgressConstraints.swift */; };
		2451A84C25C899C000A3F8EB /* HomeScreen.swift in Sources */ = {isa = PBXBuildFile; fileRef = 2451A84B25C899C000A3F8EB /* HomeScreen.swift */; };
		2451A85825C993FB00A3F8EB /* HomeConstraints.swift in Sources */ = {isa = PBXBuildFile; fileRef = 2451A85725C993FB00A3F8EB /* HomeConstraints.swift */; };
		2461BFDE25CD827C00D7DEFD /* BackgroundColor.swift in Sources */ = {isa = PBXBuildFile; fileRef = 2461BFDD25CD827C00D7DEFD /* BackgroundColor.swift */; };
		2461BFE425CDD67400D7DEFD /* ResultsConstraints.swift in Sources */ = {isa = PBXBuildFile; fileRef = 2461BFE325CDD67400D7DEFD /* ResultsConstraints.swift */; };
		2461BFE825CDD69100D7DEFD /* ResultsScreen.swift in Sources */ = {isa = PBXBuildFile; fileRef = 2461BFE725CDD69100D7DEFD /* ResultsScreen.swift */; };
		2467090925C9C9C6009A74E5 /* QuizScreen.swift in Sources */ = {isa = PBXBuildFile; fileRef = 2467090825C9C9C6009A74E5 /* QuizScreen.swift */; };
		2467090C25C9D1E4009A74E5 /* QuizConstraints.swift in Sources */ = {isa = PBXBuildFile; fileRef = 2467090B25C9D1E4009A74E5 /* QuizConstraints.swift */; };
		246AF7E925C48C4B006CA6C2 /* QuestionBank.swift in Sources */ = {isa = PBXBuildFile; fileRef = 246AF7E825C48C4B006CA6C2 /* QuestionBank.swift */; };
		248181B525CFCCC0002BA0A1 /* UserDefaults.swift in Sources */ = {isa = PBXBuildFile; fileRef = 248181B425CFCCC0002BA0A1 /* UserDefaults.swift */; };
		2481FCD925C9AB3500E1BA6A /* Constants.swift in Sources */ = {isa = PBXBuildFile; fileRef = 2481FCD825C9AB3500E1BA6A /* Constants.swift */; };
		24D2455225BB5E4100CEAF96 /* Question.swift in Sources */ = {isa = PBXBuildFile; fileRef = 24D2455125BB5E4100CEAF96 /* Question.swift */; };
		24EB57B725CC34B800B2AA6B /* OptionButton.swift in Sources */ = {isa = PBXBuildFile; fileRef = 24EB57B625CC34B800B2AA6B /* OptionButton.swift */; };
/* End PBXBuildFile section */

/* Begin PBXFileReference section */
		2404D44825B9C42C00A01EEC /* NavigationBar.swift */ = {isa = PBXFileReference; lastKnownFileType = sourcecode.swift; path = NavigationBar.swift; sourceTree = "<group>"; };
		242CB99C25B7207D005EED26 /* BehindFlags.app */ = {isa = PBXFileReference; explicitFileType = wrapper.application; includeInIndex = 0; path = BehindFlags.app; sourceTree = BUILT_PRODUCTS_DIR; };
		242CB99F25B7207D005EED26 /* AppDelegate.swift */ = {isa = PBXFileReference; lastKnownFileType = sourcecode.swift; path = AppDelegate.swift; sourceTree = "<group>"; };
		242CB9A125B7207D005EED26 /* SceneDelegate.swift */ = {isa = PBXFileReference; lastKnownFileType = sourcecode.swift; path = SceneDelegate.swift; sourceTree = "<group>"; };
		242CB9A625B7207D005EED26 /* Base */ = {isa = PBXFileReference; lastKnownFileType = file.storyboard; name = Base; path = Base.lproj/Main.storyboard; sourceTree = "<group>"; };
		242CB9A825B7207F005EED26 /* Assets.xcassets */ = {isa = PBXFileReference; lastKnownFileType = folder.assetcatalog; path = Assets.xcassets; sourceTree = "<group>"; };
		242CB9AB25B7207F005EED26 /* Base */ = {isa = PBXFileReference; lastKnownFileType = file.storyboard; name = Base; path = Base.lproj/LaunchScreen.storyboard; sourceTree = "<group>"; };
		242CB9AD25B7207F005EED26 /* Info.plist */ = {isa = PBXFileReference; lastKnownFileType = text.plist.xml; path = Info.plist; sourceTree = "<group>"; };
		243679B125D06BC200CE497C /* ProgressScreen.swift */ = {isa = PBXFileReference; lastKnownFileType = sourcecode.swift; path = ProgressScreen.swift; sourceTree = "<group>"; };
		243679B425D0B11600CE497C /* ProgressConstraints.swift */ = {isa = PBXFileReference; lastKnownFileType = sourcecode.swift; path = ProgressConstraints.swift; sourceTree = "<group>"; };
		2451A84B25C899C000A3F8EB /* HomeScreen.swift */ = {isa = PBXFileReference; lastKnownFileType = sourcecode.swift; path = HomeScreen.swift; sourceTree = "<group>"; };
		2451A85725C993FB00A3F8EB /* HomeConstraints.swift */ = {isa = PBXFileReference; lastKnownFileType = sourcecode.swift; path = HomeConstraints.swift; sourceTree = "<group>"; };
		2461BFDD25CD827C00D7DEFD /* BackgroundColor.swift */ = {isa = PBXFileReference; lastKnownFileType = sourcecode.swift; path = BackgroundColor.swift; sourceTree = "<group>"; };
		2461BFE325CDD67400D7DEFD /* ResultsConstraints.swift */ = {isa = PBXFileReference; lastKnownFileType = sourcecode.swift; path = ResultsConstraints.swift; sourceTree = "<group>"; };
		2461BFE725CDD69100D7DEFD /* ResultsScreen.swift */ = {isa = PBXFileReference; lastKnownFileType = sourcecode.swift; path = ResultsScreen.swift; sourceTree = "<group>"; };
		2467090825C9C9C6009A74E5 /* QuizScreen.swift */ = {isa = PBXFileReference; lastKnownFileType = sourcecode.swift; path = QuizScreen.swift; sourceTree = "<group>"; };
		2467090B25C9D1E4009A74E5 /* QuizConstraints.swift */ = {isa = PBXFileReference; lastKnownFileType = sourcecode.swift; path = QuizConstraints.swift; sourceTree = "<group>"; };
		246AF7E825C48C4B006CA6C2 /* QuestionBank.swift */ = {isa = PBXFileReference; lastKnownFileType = sourcecode.swift; path = QuestionBank.swift; sourceTree = "<group>"; };
		248181B425CFCCC0002BA0A1 /* UserDefaults.swift */ = {isa = PBXFileReference; lastKnownFileType = sourcecode.swift; path = UserDefaults.swift; sourceTree = "<group>"; };
		2481FCD825C9AB3500E1BA6A /* Constants.swift */ = {isa = PBXFileReference; lastKnownFileType = sourcecode.swift; path = Constants.swift; sourceTree = "<group>"; };
		24D2455125BB5E4100CEAF96 /* Question.swift */ = {isa = PBXFileReference; lastKnownFileType = sourcecode.swift; path = Question.swift; sourceTree = "<group>"; };
		24EB57B625CC34B800B2AA6B /* OptionButton.swift */ = {isa = PBXFileReference; lastKnownFileType = sourcecode.swift; path = OptionButton.swift; sourceTree = "<group>"; };
/* End PBXFileReference section */

/* Begin PBXFrameworksBuildPhase section */
		242CB99925B7207D005EED26 /* Frameworks */ = {
			isa = PBXFrameworksBuildPhase;
			buildActionMask = 2147483647;
			files = (
			);
			runOnlyForDeploymentPostprocessing = 0;
		};
/* End PBXFrameworksBuildPhase section */

/* Begin PBXGroup section */
		242CB99325B7207D005EED26 = {
			isa = PBXGroup;
			children = (
				242CB99E25B7207D005EED26 /* BehindFlags */,
				242CB99D25B7207D005EED26 /* Products */,
			);
			sourceTree = "<group>";
		};
		242CB99D25B7207D005EED26 /* Products */ = {
			isa = PBXGroup;
			children = (
				242CB99C25B7207D005EED26 /* BehindFlags.app */,
			);
			name = Products;
			sourceTree = "<group>";
		};
		242CB99E25B7207D005EED26 /* BehindFlags */ = {
			isa = PBXGroup;
			children = (
				2451A85A25C9A82E00A3F8EB /* View */,
				2451A85425C993C000A3F8EB /* Controller */,
				242CB9A825B7207F005EED26 /* Assets.xcassets */,
				242CB9AA25B7207F005EED26 /* LaunchScreen.storyboard */,
				242CB9AD25B7207F005EED26 /* Info.plist */,
				246AF7EB25C48C6A006CA6C2 /* Model */,
			);
			path = BehindFlags;
			sourceTree = "<group>";
		};
		2451A85325C993AB00A3F8EB /* Constraints */ = {
			isa = PBXGroup;
			children = (
				2451A85725C993FB00A3F8EB /* HomeConstraints.swift */,
				2467090B25C9D1E4009A74E5 /* QuizConstraints.swift */,
				2461BFE325CDD67400D7DEFD /* ResultsConstraints.swift */,
				243679B425D0B11600CE497C /* ProgressConstraints.swift */,
			);
			path = Constraints;
			sourceTree = "<group>";
		};
		2451A85425C993C000A3F8EB /* Controller */ = {
			isa = PBXGroup;
			children = (
				242CB9A125B7207D005EED26 /* SceneDelegate.swift */,
				242CB99F25B7207D005EED26 /* AppDelegate.swift */,
				2451A84B25C899C000A3F8EB /* HomeScreen.swift */,
				2467090825C9C9C6009A74E5 /* QuizScreen.swift */,
				2461BFE725CDD69100D7DEFD /* ResultsScreen.swift */,
				243679B125D06BC200CE497C /* ProgressScreen.swift */,
			);
			path = Controller;
			sourceTree = "<group>";
		};
		2451A85A25C9A82E00A3F8EB /* View */ = {
			isa = PBXGroup;
			children = (
				2451A85325C993AB00A3F8EB /* Constraints */,
				242CB9A525B7207D005EED26 /* Main.storyboard */,
				24EB57B625CC34B800B2AA6B /* OptionButton.swift */,
				2461BFDD25CD827C00D7DEFD /* BackgroundColor.swift */,
			);
			path = View;
			sourceTree = "<group>";
		};
		246AF7EB25C48C6A006CA6C2 /* Model */ = {
			isa = PBXGroup;
			children = (
				2481FCD825C9AB3500E1BA6A /* Constants.swift */,
				2404D44825B9C42C00A01EEC /* NavigationBar.swift */,
				24D2455125BB5E4100CEAF96 /* Question.swift */,
				246AF7E825C48C4B006CA6C2 /* QuestionBank.swift */,
				248181B425CFCCC0002BA0A1 /* UserDefaults.swift */,
			);
			path = Model;
			sourceTree = "<group>";
		};
/* End PBXGroup section */

/* Begin PBXNativeTarget section */
		242CB99B25B7207D005EED26 /* BehindFlags */ = {
			isa = PBXNativeTarget;
			buildConfigurationList = 242CB9B025B7207F005EED26 /* Build configuration list for PBXNativeTarget "BehindFlags" */;
			buildPhases = (
				242CB99825B7207D005EED26 /* Sources */,
				242CB99925B7207D005EED26 /* Frameworks */,
				242CB99A25B7207D005EED26 /* Resources */,
			);
			buildRules = (
			);
			dependencies = (
			);
			name = BehindFlags;
			productName = BehindFlags;
			productReference = 242CB99C25B7207D005EED26 /* BehindFlags.app */;
			productType = "com.apple.product-type.application";
		};
/* End PBXNativeTarget section */

/* Begin PBXProject section */
		242CB99425B7207D005EED26 /* Project object */ = {
			isa = PBXProject;
			attributes = {
				LastSwiftUpdateCheck = 1230;
				LastUpgradeCheck = 1230;
				TargetAttributes = {
					242CB99B25B7207D005EED26 = {
						CreatedOnToolsVersion = 12.3;
					};
				};
			};
			buildConfigurationList = 242CB99725B7207D005EED26 /* Build configuration list for PBXProject "BehindFlags" */;
			compatibilityVersion = "Xcode 9.3";
			developmentRegion = en;
			hasScannedForEncodings = 0;
			knownRegions = (
				en,
				Base,
			);
			mainGroup = 242CB99325B7207D005EED26;
			productRefGroup = 242CB99D25B7207D005EED26 /* Products */;
			projectDirPath = "";
			projectRoot = "";
			targets = (
				242CB99B25B7207D005EED26 /* BehindFlags */,
			);
		};
/* End PBXProject section */

/* Begin PBXResourcesBuildPhase section */
		242CB99A25B7207D005EED26 /* Resources */ = {
			isa = PBXResourcesBuildPhase;
			buildActionMask = 2147483647;
			files = (
				242CB9AC25B7207F005EED26 /* LaunchScreen.storyboard in Resources */,
				242CB9A925B7207F005EED26 /* Assets.xcassets in Resources */,
				242CB9A725B7207D005EED26 /* Main.storyboard in Resources */,
			);
			runOnlyForDeploymentPostprocessing = 0;
		};
/* End PBXResourcesBuildPhase section */

/* Begin PBXSourcesBuildPhase section */
		242CB99825B7207D005EED26 /* Sources */ = {
			isa = PBXSourcesBuildPhase;
			buildActionMask = 2147483647;
			files = (
				2461BFE825CDD69100D7DEFD /* ResultsScreen.swift in Sources */,
				2404D44925B9C42C00A01EEC /* NavigationBar.swift in Sources */,
				2461BFE425CDD67400D7DEFD /* ResultsConstraints.swift in Sources */,
				2467090C25C9D1E4009A74E5 /* QuizConstraints.swift in Sources */,
				242CB9A025B7207D005EED26 /* AppDelegate.swift in Sources */,
				243679B525D0B11600CE497C /* ProgressConstraints.swift in Sources */,
				24EB57B725CC34B800B2AA6B /* OptionButton.swift in Sources */,
				2451A84C25C899C000A3F8EB /* HomeScreen.swift in Sources */,
				2451A85825C993FB00A3F8EB /* HomeConstraints.swift in Sources */,
				24D2455225BB5E4100CEAF96 /* Question.swift in Sources */,
				2461BFDE25CD827C00D7DEFD /* BackgroundColor.swift in Sources */,
				2467090925C9C9C6009A74E5 /* QuizScreen.swift in Sources */,
				248181B525CFCCC0002BA0A1 /* UserDefaults.swift in Sources */,
				242CB9A225B7207D005EED26 /* SceneDelegate.swift in Sources */,
				246AF7E925C48C4B006CA6C2 /* QuestionBank.swift in Sources */,
				243679B225D06BC200CE497C /* ProgressScreen.swift in Sources */,
				2481FCD925C9AB3500E1BA6A /* Constants.swift in Sources */,
			);
			runOnlyForDeploymentPostprocessing = 0;
		};
/* End PBXSourcesBuildPhase section */

/* Begin PBXVariantGroup section */
		242CB9A525B7207D005EED26 /* Main.storyboard */ = {
			isa = PBXVariantGroup;
			children = (
				242CB9A625B7207D005EED26 /* Base */,
			);
			name = Main.storyboard;
			sourceTree = "<group>";
		};
		242CB9AA25B7207F005EED26 /* LaunchScreen.storyboard */ = {
			isa = PBXVariantGroup;
			children = (
				242CB9AB25B7207F005EED26 /* Base */,
			);
			name = LaunchScreen.storyboard;
			sourceTree = "<group>";
		};
/* End PBXVariantGroup section */

/* Begin XCBuildConfiguration section */
		242CB9AE25B7207F005EED26 /* Debug */ = {
			isa = XCBuildConfiguration;
			buildSettings = {
				ALWAYS_SEARCH_USER_PATHS = NO;
				CLANG_ANALYZER_NONNULL = YES;
				CLANG_ANALYZER_NUMBER_OBJECT_CONVERSION = YES_AGGRESSIVE;
				CLANG_CXX_LANGUAGE_STANDARD = "gnu++14";
				CLANG_CXX_LIBRARY = "libc++";
				CLANG_ENABLE_MODULES = YES;
				CLANG_ENABLE_OBJC_ARC = YES;
				CLANG_ENABLE_OBJC_WEAK = YES;
				CLANG_WARN_BLOCK_CAPTURE_AUTORELEASING = YES;
				CLANG_WARN_BOOL_CONVERSION = YES;
				CLANG_WARN_COMMA = YES;
				CLANG_WARN_CONSTANT_CONVERSION = YES;
				CLANG_WARN_DEPRECATED_OBJC_IMPLEMENTATIONS = YES;
				CLANG_WARN_DIRECT_OBJC_ISA_USAGE = YES_ERROR;
				CLANG_WARN_DOCUMENTATION_COMMENTS = YES;
				CLANG_WARN_EMPTY_BODY = YES;
				CLANG_WARN_ENUM_CONVERSION = YES;
				CLANG_WARN_INFINITE_RECURSION = YES;
				CLANG_WARN_INT_CONVERSION = YES;
				CLANG_WARN_NON_LITERAL_NULL_CONVERSION = YES;
				CLANG_WARN_OBJC_IMPLICIT_RETAIN_SELF = YES;
				CLANG_WARN_OBJC_LITERAL_CONVERSION = YES;
				CLANG_WARN_OBJC_ROOT_CLASS = YES_ERROR;
				CLANG_WARN_QUOTED_INCLUDE_IN_FRAMEWORK_HEADER = YES;
				CLANG_WARN_RANGE_LOOP_ANALYSIS = YES;
				CLANG_WARN_STRICT_PROTOTYPES = YES;
				CLANG_WARN_SUSPICIOUS_MOVE = YES;
				CLANG_WARN_UNGUARDED_AVAILABILITY = YES_AGGRESSIVE;
				CLANG_WARN_UNREACHABLE_CODE = YES;
				CLANG_WARN__DUPLICATE_METHOD_MATCH = YES;
				COPY_PHASE_STRIP = NO;
				DEBUG_INFORMATION_FORMAT = dwarf;
				ENABLE_STRICT_OBJC_MSGSEND = YES;
				ENABLE_TESTABILITY = YES;
				GCC_C_LANGUAGE_STANDARD = gnu11;
				GCC_DYNAMIC_NO_PIC = NO;
				GCC_NO_COMMON_BLOCKS = YES;
				GCC_OPTIMIZATION_LEVEL = 0;
				GCC_PREPROCESSOR_DEFINITIONS = (
					"DEBUG=1",
					"$(inherited)",
				);
				GCC_WARN_64_TO_32_BIT_CONVERSION = YES;
				GCC_WARN_ABOUT_RETURN_TYPE = YES_ERROR;
				GCC_WARN_UNDECLARED_SELECTOR = YES;
				GCC_WARN_UNINITIALIZED_AUTOS = YES_AGGRESSIVE;
				GCC_WARN_UNUSED_FUNCTION = YES;
				GCC_WARN_UNUSED_VARIABLE = YES;
				IPHONEOS_DEPLOYMENT_TARGET = 14.3;
				MTL_ENABLE_DEBUG_INFO = INCLUDE_SOURCE;
				MTL_FAST_MATH = YES;
				ONLY_ACTIVE_ARCH = YES;
				SDKROOT = iphoneos;
				SWIFT_ACTIVE_COMPILATION_CONDITIONS = DEBUG;
				SWIFT_OPTIMIZATION_LEVEL = "-Onone";
			};
			name = Debug;
		};
		242CB9AF25B7207F005EED26 /* Release */ = {
			isa = XCBuildConfiguration;
			buildSettings = {
				ALWAYS_SEARCH_USER_PATHS = NO;
				CLANG_ANALYZER_NONNULL = YES;
				CLANG_ANALYZER_NUMBER_OBJECT_CONVERSION = YES_AGGRESSIVE;
				CLANG_CXX_LANGUAGE_STANDARD = "gnu++14";
				CLANG_CXX_LIBRARY = "libc++";
				CLANG_ENABLE_MODULES = YES;
				CLANG_ENABLE_OBJC_ARC = YES;
				CLANG_ENABLE_OBJC_WEAK = YES;
				CLANG_WARN_BLOCK_CAPTURE_AUTORELEASING = YES;
				CLANG_WARN_BOOL_CONVERSION = YES;
				CLANG_WARN_COMMA = YES;
				CLANG_WARN_CONSTANT_CONVERSION = YES;
				CLANG_WARN_DEPRECATED_OBJC_IMPLEMENTATIONS = YES;
				CLANG_WARN_DIRECT_OBJC_ISA_USAGE = YES_ERROR;
				CLANG_WARN_DOCUMENTATION_COMMENTS = YES;
				CLANG_WARN_EMPTY_BODY = YES;
				CLANG_WARN_ENUM_CONVERSION = YES;
				CLANG_WARN_INFINITE_RECURSION = YES;
				CLANG_WARN_INT_CONVERSION = YES;
				CLANG_WARN_NON_LITERAL_NULL_CONVERSION = YES;
				CLANG_WARN_OBJC_IMPLICIT_RETAIN_SELF = YES;
				CLANG_WARN_OBJC_LITERAL_CONVERSION = YES;
				CLANG_WARN_OBJC_ROOT_CLASS = YES_ERROR;
				CLANG_WARN_QUOTED_INCLUDE_IN_FRAMEWORK_HEADER = YES;
				CLANG_WARN_RANGE_LOOP_ANALYSIS = YES;
				CLANG_WARN_STRICT_PROTOTYPES = YES;
				CLANG_WARN_SUSPICIOUS_MOVE = YES;
				CLANG_WARN_UNGUARDED_AVAILABILITY = YES_AGGRESSIVE;
				CLANG_WARN_UNREACHABLE_CODE = YES;
				CLANG_WARN__DUPLICATE_METHOD_MATCH = YES;
				COPY_PHASE_STRIP = NO;
				DEBUG_INFORMATION_FORMAT = "dwarf-with-dsym";
				ENABLE_NS_ASSERTIONS = NO;
				ENABLE_STRICT_OBJC_MSGSEND = YES;
				GCC_C_LANGUAGE_STANDARD = gnu11;
				GCC_NO_COMMON_BLOCKS = YES;
				GCC_WARN_64_TO_32_BIT_CONVERSION = YES;
				GCC_WARN_ABOUT_RETURN_TYPE = YES_ERROR;
				GCC_WARN_UNDECLARED_SELECTOR = YES;
				GCC_WARN_UNINITIALIZED_AUTOS = YES_AGGRESSIVE;
				GCC_WARN_UNUSED_FUNCTION = YES;
				GCC_WARN_UNUSED_VARIABLE = YES;
				IPHONEOS_DEPLOYMENT_TARGET = 14.3;
				MTL_ENABLE_DEBUG_INFO = NO;
				MTL_FAST_MATH = YES;
				SDKROOT = iphoneos;
				SWIFT_COMPILATION_MODE = wholemodule;
				SWIFT_OPTIMIZATION_LEVEL = "-O";
				VALIDATE_PRODUCT = YES;
			};
			name = Release;
		};
		242CB9B125B7207F005EED26 /* Debug */ = {
			isa = XCBuildConfiguration;
			buildSettings = {
				ASSETCATALOG_COMPILER_APPICON_NAME = AppIcon;
				ASSETCATALOG_COMPILER_GLOBAL_ACCENT_COLOR_NAME = AccentColor;
				CODE_SIGN_STYLE = Automatic;
				CURRENT_PROJECT_VERSION = 2;
				DEVELOPMENT_TEAM = 243KAJ72F6;
				INFOPLIST_FILE = BehindFlags/Info.plist;
				LD_RUNPATH_SEARCH_PATHS = (
					"$(inherited)",
					"@executable_path/Frameworks",
				);
				MARKETING_VERSION = 0.1.0;
				PRODUCT_BUNDLE_IDENTIFIER = com.fernandolobo.BehindFlags;
				PRODUCT_NAME = "$(TARGET_NAME)";
				SWIFT_VERSION = 5.0;
				TARGETED_DEVICE_FAMILY = 1;
			};
			name = Debug;
		};
		242CB9B225B7207F005EED26 /* Release */ = {
			isa = XCBuildConfiguration;
			buildSettings = {
				ASSETCATALOG_COMPILER_APPICON_NAME = AppIcon;
				ASSETCATALOG_COMPILER_GLOBAL_ACCENT_COLOR_NAME = AccentColor;
				CODE_SIGN_STYLE = Automatic;
				CURRENT_PROJECT_VERSION = 2;
				DEVELOPMENT_TEAM = 243KAJ72F6;
				INFOPLIST_FILE = BehindFlags/Info.plist;
				LD_RUNPATH_SEARCH_PATHS = (
					"$(inherited)",
					"@executable_path/Frameworks",
				);
				MARKETING_VERSION = 0.1.0;
				PRODUCT_BUNDLE_IDENTIFIER = com.fernandolobo.BehindFlags;
				PRODUCT_NAME = "$(TARGET_NAME)";
				SWIFT_VERSION = 5.0;
				TARGETED_DEVICE_FAMILY = 1;
			};
			name = Release;
		};
/* End XCBuildConfiguration section */

/* Begin XCConfigurationList section */
		242CB99725B7207D005EED26 /* Build configuration list for PBXProject "BehindFlags" */ = {
			isa = XCConfigurationList;
			buildConfigurations = (
				242CB9AE25B7207F005EED26 /* Debug */,
				242CB9AF25B7207F005EED26 /* Release */,
			);
			defaultConfigurationIsVisible = 0;
			defaultConfigurationName = Release;
		};
		242CB9B025B7207F005EED26 /* Build configuration list for PBXNativeTarget "BehindFlags" */ = {
			isa = XCConfigurationList;
			buildConfigurations = (
				242CB9B125B7207F005EED26 /* Debug */,
				242CB9B225B7207F005EED26 /* Release */,
			);
			defaultConfigurationIsVisible = 0;
			defaultConfigurationName = Release;
		};
/* End XCConfigurationList section */
	};
	rootObject = 242CB99425B7207D005EED26 /* Project object */;
}
